
Microsoft Visual Studio Solution File, Format Version 12.00
# Visual Studio Version 17
VisualStudioVersion = 17.9.34701.34
MinimumVisualStudioVersion = 10.0.40219.1
Project("{FAE04EC0-301F-11D3-BF4B-00C04F79EFBC}") = "FloreriaMvc", "FloreriaMvc.csproj", "{DDBFE17E-548D-4685-9649-D479B6D33C8C}"
EndProject
Global
	GlobalSection(SolutionConfigurationPlatforms) = preSolution
		Debug|Any CPU = Debug|Any CPU
		Release|Any CPU = Release|Any CPU
	EndGlobalSection
	GlobalSection(ProjectConfigurationPlatforms) = postSolution
		{DDBFE17E-548D-4685-9649-D479B6D33C8C}.Debug|Any CPU.ActiveCfg = Debug|Any CPU
		{DDBFE17E-548D-4685-9649-D479B6D33C8C}.Debug|Any CPU.Build.0 = Debug|Any CPU
		{DDBFE17E-548D-4685-9649-D479B6D33C8C}.Release|Any CPU.ActiveCfg = Release|Any CPU
		{DDBFE17E-548D-4685-9649-D479B6D33C8C}.Release|Any CPU.Build.0 = Release|Any CPU
	EndGlobalSection
	GlobalSection(SolutionProperties) = preSolution
		HideSolutionNode = FALSE
	EndGlobalSection
	GlobalSection(ExtensibilityGlobals) = postSolution
		SolutionGuid = {3B19DC60-FFE0-438F-9A11-28D48603ECF8}
	EndGlobalSection
EndGlobal
